
Microsoft Visual Studio Solution File, Format Version 12.00
# Visual Studio Version 16
VisualStudioVersion = 16.0.31321.278
MinimumVisualStudioVersion = 10.0.40219.1
Project("{FAE04EC0-301F-11D3-BF4B-00C04F79EFBC}") = "lab5z1", "lab5z1\lab5z1.csproj", "{AAD1A8DB-BFA9-46EA-ADDA-5D673BE379A0}"
EndProject
Global
	GlobalSection(SolutionConfigurationPlatforms) = preSolution
		Debug|Any CPU = Debug|Any CPU
		Release|Any CPU = Release|Any CPU
	EndGlobalSection
	GlobalSection(ProjectConfigurationPlatforms) = postSolution
		{AAD1A8DB-BFA9-46EA-ADDA-5D673BE379A0}.Debug|Any CPU.ActiveCfg = Debug|Any CPU
		{AAD1A8DB-BFA9-46EA-ADDA-5D673BE379A0}.Debug|Any CPU.Build.0 = Debug|Any CPU
		{AAD1A8DB-BFA9-46EA-ADDA-5D673BE379A0}.Release|Any CPU.ActiveCfg = Release|Any CPU
		{AAD1A8DB-BFA9-46EA-ADDA-5D673BE379A0}.Release|Any CPU.Build.0 = Release|Any CPU
	EndGlobalSection
	GlobalSection(SolutionProperties) = preSolution
		HideSolutionNode = FALSE
	EndGlobalSection
	GlobalSection(ExtensibilityGlobals) = postSolution
		SolutionGuid = {AFB20EFB-78D4-49A3-B1A9-20319CAF8908}
	EndGlobalSection
EndGlobal
